// !$*UTF8*$!
{
	archiveVersion = 1;
	classes = {
	};
	objectVersion = 56;
	objects = {

/* Begin PBXBuildFile section */
		6CF85873356E1E0C2A90EE9D /* Pods_AirportMarker_AirportMarkerUITests.framework in Frameworks */ = {isa = PBXBuildFile; fileRef = 553BBFD4DFD48CFA262C7A3E /* Pods_AirportMarker_AirportMarkerUITests.framework */; };
		8E18E6C47EB36BABE6A43358 /* Pods_AirportMarkerTests.framework in Frameworks */ = {isa = PBXBuildFile; fileRef = 4A4ED7DD51D574889EF5A3AC /* Pods_AirportMarkerTests.framework */; };
		BC1E1D30377B097D0446BED3 /* Pods_AirportMarker.framework in Frameworks */ = {isa = PBXBuildFile; fileRef = 94C34B5D5125C8FCAB734804 /* Pods_AirportMarker.framework */; };
		E2296E952A48AA1900AB02E9 /* SearchCityViewPresentable.swift in Sources */ = {isa = PBXBuildFile; fileRef = E2296E942A48AA1900AB02E9 /* SearchCityViewPresentable.swift */; };
		E2296E972A48AB2700AB02E9 /* SearchCityViewModel.swift in Sources */ = {isa = PBXBuildFile; fileRef = E2296E962A48AB2700AB02E9 /* SearchCityViewModel.swift */; };
		E2296E9A2A48ED9D00AB02E9 /* SearchCityCoordinator.swift in Sources */ = {isa = PBXBuildFile; fileRef = E2296E992A48ED9D00AB02E9 /* SearchCityCoordinator.swift */; };
		E2296E9C2A48EDA900AB02E9 /* Coordinator.swift in Sources */ = {isa = PBXBuildFile; fileRef = E2296E9B2A48EDA900AB02E9 /* Coordinator.swift */; };
		E2296E9E2A48F0E500AB02E9 /* BaseCoordinator.swift in Sources */ = {isa = PBXBuildFile; fileRef = E2296E9D2A48F0E500AB02E9 /* BaseCoordinator.swift */; };
		E2296EA12A48F4A200AB02E9 /* Storyboardable.swift in Sources */ = {isa = PBXBuildFile; fileRef = E2296EA02A48F4A200AB02E9 /* Storyboardable.swift */; };
		E2296EA32A48FEEE00AB02E9 /* AppCoordinator.swift in Sources */ = {isa = PBXBuildFile; fileRef = E2296EA22A48FEEE00AB02E9 /* AppCoordinator.swift */; };
		E24418412A4B473200731741 /* HttpRouter.swift in Sources */ = {isa = PBXBuildFile; fileRef = E24418402A4B473200731741 /* HttpRouter.swift */; };
		E2B883602A409023008B1BCA /* AppDelegate.swift in Sources */ = {isa = PBXBuildFile; fileRef = E2B8835F2A409023008B1BCA /* AppDelegate.swift */; };
		E2B883622A409023008B1BCA /* SceneDelegate.swift in Sources */ = {isa = PBXBuildFile; fileRef = E2B883612A409023008B1BCA /* SceneDelegate.swift */; };
		E2B883642A409023008B1BCA /* SearchCityViewController.swift in Sources */ = {isa = PBXBuildFile; fileRef = E2B883632A409023008B1BCA /* SearchCityViewController.swift */; };
		E2B883672A409023008B1BCA /* Main.storyboard in Resources */ = {isa = PBXBuildFile; fileRef = E2B883652A409023008B1BCA /* Main.storyboard */; };
		E2B8836A2A409023008B1BCA /* AirportMarker.xcdatamodeld in Sources */ = {isa = PBXBuildFile; fileRef = E2B883682A409023008B1BCA /* AirportMarker.xcdatamodeld */; };
		E2B8836C2A409026008B1BCA /* Assets.xcassets in Resources */ = {isa = PBXBuildFile; fileRef = E2B8836B2A409026008B1BCA /* Assets.xcassets */; };
		E2B8836F2A409026008B1BCA /* LaunchScreen.storyboard in Resources */ = {isa = PBXBuildFile; fileRef = E2B8836D2A409026008B1BCA /* LaunchScreen.storyboard */; };
		E2B8837A2A409027008B1BCA /* AirportMarkerTests.swift in Sources */ = {isa = PBXBuildFile; fileRef = E2B883792A409027008B1BCA /* AirportMarkerTests.swift */; };
		E2B883842A409027008B1BCA /* AirportMarkerUITests.swift in Sources */ = {isa = PBXBuildFile; fileRef = E2B883832A409027008B1BCA /* AirportMarkerUITests.swift */; };
		E2B883862A409027008B1BCA /* AirportMarkerUITestsLaunchTests.swift in Sources */ = {isa = PBXBuildFile; fileRef = E2B883852A409027008B1BCA /* AirportMarkerUITestsLaunchTests.swift */; };
/* End PBXBuildFile section */

/* Begin PBXContainerItemProxy section */
		E2B883762A409027008B1BCA /* PBXContainerItemProxy */ = {
			isa = PBXContainerItemProxy;
			containerPortal = E2B883542A409022008B1BCA /* Project object */;
			proxyType = 1;
			remoteGlobalIDString = E2B8835B2A409023008B1BCA;
			remoteInfo = AirportMarker;
		};
		E2B883802A409027008B1BCA /* PBXContainerItemProxy */ = {
			isa = PBXContainerItemProxy;
			containerPortal = E2B883542A409022008B1BCA /* Project object */;
			proxyType = 1;
			remoteGlobalIDString = E2B8835B2A409023008B1BCA;
			remoteInfo = AirportMarker;
		};
/* End PBXContainerItemProxy section */

/* Begin PBXFileReference section */
		07F9EEDAA1480B39BEBB37F0 /* Pods-AirportMarkerTests.debug.xcconfig */ = {isa = PBXFileReference; includeInIndex = 1; lastKnownFileType = text.xcconfig; name = "Pods-AirportMarkerTests.debug.xcconfig"; path = "Target Support Files/Pods-AirportMarkerTests/Pods-AirportMarkerTests.debug.xcconfig"; sourceTree = "<group>"; };
		4A4ED7DD51D574889EF5A3AC /* Pods_AirportMarkerTests.framework */ = {isa = PBXFileReference; explicitFileType = wrapper.framework; includeInIndex = 0; path = Pods_AirportMarkerTests.framework; sourceTree = BUILT_PRODUCTS_DIR; };
		5474CA688BB6067C3255D3D4 /* Pods-AirportMarker-AirportMarkerUITests.debug.xcconfig */ = {isa = PBXFileReference; includeInIndex = 1; lastKnownFileType = text.xcconfig; name = "Pods-AirportMarker-AirportMarkerUITests.debug.xcconfig"; path = "Target Support Files/Pods-AirportMarker-AirportMarkerUITests/Pods-AirportMarker-AirportMarkerUITests.debug.xcconfig"; sourceTree = "<group>"; };
		551CA7F315247B84DE48AA32 /* Pods-AirportMarkerTests.release.xcconfig */ = {isa = PBXFileReference; includeInIndex = 1; lastKnownFileType = text.xcconfig; name = "Pods-AirportMarkerTests.release.xcconfig"; path = "Target Support Files/Pods-AirportMarkerTests/Pods-AirportMarkerTests.release.xcconfig"; sourceTree = "<group>"; };
		553BBFD4DFD48CFA262C7A3E /* Pods_AirportMarker_AirportMarkerUITests.framework */ = {isa = PBXFileReference; explicitFileType = wrapper.framework; includeInIndex = 0; path = Pods_AirportMarker_AirportMarkerUITests.framework; sourceTree = BUILT_PRODUCTS_DIR; };
		8CC708A9802F04286E3F697C /* Pods-AirportMarker-AirportMarkerUITests.release.xcconfig */ = {isa = PBXFileReference; includeInIndex = 1; lastKnownFileType = text.xcconfig; name = "Pods-AirportMarker-AirportMarkerUITests.release.xcconfig"; path = "Target Support Files/Pods-AirportMarker-AirportMarkerUITests/Pods-AirportMarker-AirportMarkerUITests.release.xcconfig"; sourceTree = "<group>"; };
		94C34B5D5125C8FCAB734804 /* Pods_AirportMarker.framework */ = {isa = PBXFileReference; explicitFileType = wrapper.framework; includeInIndex = 0; path = Pods_AirportMarker.framework; sourceTree = BUILT_PRODUCTS_DIR; };
		C893AB364918CC0A0D64F575 /* Pods-AirportMarker.debug.xcconfig */ = {isa = PBXFileReference; includeInIndex = 1; lastKnownFileType = text.xcconfig; name = "Pods-AirportMarker.debug.xcconfig"; path = "Target Support Files/Pods-AirportMarker/Pods-AirportMarker.debug.xcconfig"; sourceTree = "<group>"; };
		D292051A68DAA44C0CEB0A52 /* Pods-AirportMarker.release.xcconfig */ = {isa = PBXFileReference; includeInIndex = 1; lastKnownFileType = text.xcconfig; name = "Pods-AirportMarker.release.xcconfig"; path = "Target Support Files/Pods-AirportMarker/Pods-AirportMarker.release.xcconfig"; sourceTree = "<group>"; };
		E2296E942A48AA1900AB02E9 /* SearchCityViewPresentable.swift */ = {isa = PBXFileReference; lastKnownFileType = sourcecode.swift; path = SearchCityViewPresentable.swift; sourceTree = "<group>"; };
		E2296E962A48AB2700AB02E9 /* SearchCityViewModel.swift */ = {isa = PBXFileReference; lastKnownFileType = sourcecode.swift; path = SearchCityViewModel.swift; sourceTree = "<group>"; };
		E2296E992A48ED9D00AB02E9 /* SearchCityCoordinator.swift */ = {isa = PBXFileReference; lastKnownFileType = sourcecode.swift; path = SearchCityCoordinator.swift; sourceTree = "<group>"; };
		E2296E9B2A48EDA900AB02E9 /* Coordinator.swift */ = {isa = PBXFileReference; lastKnownFileType = sourcecode.swift; path = Coordinator.swift; sourceTree = "<group>"; };
		E2296E9D2A48F0E500AB02E9 /* BaseCoordinator.swift */ = {isa = PBXFileReference; lastKnownFileType = sourcecode.swift; path = BaseCoordinator.swift; sourceTree = "<group>"; };
		E2296EA02A48F4A200AB02E9 /* Storyboardable.swift */ = {isa = PBXFileReference; lastKnownFileType = sourcecode.swift; path = Storyboardable.swift; sourceTree = "<group>"; };
		E2296EA22A48FEEE00AB02E9 /* AppCoordinator.swift */ = {isa = PBXFileReference; lastKnownFileType = sourcecode.swift; path = AppCoordinator.swift; sourceTree = "<group>"; };
		E24418402A4B473200731741 /* HttpRouter.swift */ = {isa = PBXFileReference; lastKnownFileType = sourcecode.swift; path = HttpRouter.swift; sourceTree = "<group>"; };
		E2B8835C2A409023008B1BCA /* AirportMarker.app */ = {isa = PBXFileReference; explicitFileType = wrapper.application; includeInIndex = 0; path = AirportMarker.app; sourceTree = BUILT_PRODUCTS_DIR; };
		E2B8835F2A409023008B1BCA /* AppDelegate.swift */ = {isa = PBXFileReference; lastKnownFileType = sourcecode.swift; path = AppDelegate.swift; sourceTree = "<group>"; };
		E2B883612A409023008B1BCA /* SceneDelegate.swift */ = {isa = PBXFileReference; lastKnownFileType = sourcecode.swift; path = SceneDelegate.swift; sourceTree = "<group>"; };
		E2B883632A409023008B1BCA /* SearchCityViewController.swift */ = {isa = PBXFileReference; lastKnownFileType = sourcecode.swift; path = SearchCityViewController.swift; sourceTree = "<group>"; };
		E2B883662A409023008B1BCA /* Base */ = {isa = PBXFileReference; lastKnownFileType = file.storyboard; name = Base; path = Base.lproj/Main.storyboard; sourceTree = "<group>"; };
		E2B883692A409023008B1BCA /* AirportMarker.xcdatamodel */ = {isa = PBXFileReference; lastKnownFileType = wrapper.xcdatamodel; path = AirportMarker.xcdatamodel; sourceTree = "<group>"; };
		E2B8836B2A409026008B1BCA /* Assets.xcassets */ = {isa = PBXFileReference; lastKnownFileType = folder.assetcatalog; path = Assets.xcassets; sourceTree = "<group>"; };
		E2B8836E2A409026008B1BCA /* Base */ = {isa = PBXFileReference; lastKnownFileType = file.storyboard; name = Base; path = Base.lproj/LaunchScreen.storyboard; sourceTree = "<group>"; };
		E2B883702A409026008B1BCA /* Info.plist */ = {isa = PBXFileReference; lastKnownFileType = text.plist.xml; path = Info.plist; sourceTree = "<group>"; };
		E2B883752A409027008B1BCA /* AirportMarkerTests.xctest */ = {isa = PBXFileReference; explicitFileType = wrapper.cfbundle; includeInIndex = 0; path = AirportMarkerTests.xctest; sourceTree = BUILT_PRODUCTS_DIR; };
		E2B883792A409027008B1BCA /* AirportMarkerTests.swift */ = {isa = PBXFileReference; lastKnownFileType = sourcecode.swift; path = AirportMarkerTests.swift; sourceTree = "<group>"; };
		E2B8837F2A409027008B1BCA /* AirportMarkerUITests.xctest */ = {isa = PBXFileReference; explicitFileType = wrapper.cfbundle; includeInIndex = 0; path = AirportMarkerUITests.xctest; sourceTree = BUILT_PRODUCTS_DIR; };
		E2B883832A409027008B1BCA /* AirportMarkerUITests.swift */ = {isa = PBXFileReference; lastKnownFileType = sourcecode.swift; path = AirportMarkerUITests.swift; sourceTree = "<group>"; };
		E2B883852A409027008B1BCA /* AirportMarkerUITestsLaunchTests.swift */ = {isa = PBXFileReference; lastKnownFileType = sourcecode.swift; path = AirportMarkerUITestsLaunchTests.swift; sourceTree = "<group>"; };
/* End PBXFileReference section */

/* Begin PBXFrameworksBuildPhase section */
		E2B883592A409023008B1BCA /* Frameworks */ = {
			isa = PBXFrameworksBuildPhase;
			buildActionMask = 2147483647;
			files = (
				BC1E1D30377B097D0446BED3 /* Pods_AirportMarker.framework in Frameworks */,
			);
			runOnlyForDeploymentPostprocessing = 0;
		};
		E2B883722A409027008B1BCA /* Frameworks */ = {
			isa = PBXFrameworksBuildPhase;
			buildActionMask = 2147483647;
			files = (
				8E18E6C47EB36BABE6A43358 /* Pods_AirportMarkerTests.framework in Frameworks */,
			);
			runOnlyForDeploymentPostprocessing = 0;
		};
		E2B8837C2A409027008B1BCA /* Frameworks */ = {
			isa = PBXFrameworksBuildPhase;
			buildActionMask = 2147483647;
			files = (
				6CF85873356E1E0C2A90EE9D /* Pods_AirportMarker_AirportMarkerUITests.framework in Frameworks */,
			);
			runOnlyForDeploymentPostprocessing = 0;
		};
/* End PBXFrameworksBuildPhase section */

/* Begin PBXGroup section */
		05AB2D49B2456FC30AFED701 /* Pods */ = {
			isa = PBXGroup;
			children = (
				C893AB364918CC0A0D64F575 /* Pods-AirportMarker.debug.xcconfig */,
				D292051A68DAA44C0CEB0A52 /* Pods-AirportMarker.release.xcconfig */,
				5474CA688BB6067C3255D3D4 /* Pods-AirportMarker-AirportMarkerUITests.debug.xcconfig */,
				8CC708A9802F04286E3F697C /* Pods-AirportMarker-AirportMarkerUITests.release.xcconfig */,
				07F9EEDAA1480B39BEBB37F0 /* Pods-AirportMarkerTests.debug.xcconfig */,
				551CA7F315247B84DE48AA32 /* Pods-AirportMarkerTests.release.xcconfig */,
			);
			path = Pods;
			sourceTree = "<group>";
		};
		3E67DC469DE9E1198B0A7A12 /* Frameworks */ = {
			isa = PBXGroup;
			children = (
				94C34B5D5125C8FCAB734804 /* Pods_AirportMarker.framework */,
				553BBFD4DFD48CFA262C7A3E /* Pods_AirportMarker_AirportMarkerUITests.framework */,
				4A4ED7DD51D574889EF5A3AC /* Pods_AirportMarkerTests.framework */,
			);
			name = Frameworks;
			sourceTree = "<group>";
		};
		E2296E982A48ED8500AB02E9 /* Coordinator */ = {
			isa = PBXGroup;
			children = (
				E2296E992A48ED9D00AB02E9 /* SearchCityCoordinator.swift */,
				E2296E9D2A48F0E500AB02E9 /* BaseCoordinator.swift */,
				E2296EA22A48FEEE00AB02E9 /* AppCoordinator.swift */,
			);
			path = Coordinator;
			sourceTree = "<group>";
		};
		E2296E9F2A48F47900AB02E9 /* Shared */ = {
			isa = PBXGroup;
			children = (
			);
			path = Shared;
			sourceTree = "<group>";
		};
		E2B883532A409022008B1BCA = {
			isa = PBXGroup;
			children = (
				E2B8835E2A409023008B1BCA /* AirportMarker */,
				E2B883782A409027008B1BCA /* AirportMarkerTests */,
				E2B883822A409027008B1BCA /* AirportMarkerUITests */,
				E2B8835D2A409023008B1BCA /* Products */,
				05AB2D49B2456FC30AFED701 /* Pods */,
				3E67DC469DE9E1198B0A7A12 /* Frameworks */,
			);
			sourceTree = "<group>";
		};
		E2B8835D2A409023008B1BCA /* Products */ = {
			isa = PBXGroup;
			children = (
				E2B8835C2A409023008B1BCA /* AirportMarker.app */,
				E2B883752A409027008B1BCA /* AirportMarkerTests.xctest */,
				E2B8837F2A409027008B1BCA /* AirportMarkerUITests.xctest */,
			);
			name = Products;
			sourceTree = "<group>";
		};
		E2B8835E2A409023008B1BCA /* AirportMarker */ = {
			isa = PBXGroup;
			children = (
				E2296E9F2A48F47900AB02E9 /* Shared */,
				E2296E982A48ED8500AB02E9 /* Coordinator */,
				E2B883992A409E34008B1BCA /* protocol */,
				E2B883952A409DA1008B1BCA /* util */,
				E2B883942A409D90008B1BCA /* services */,
				E2B883982A409E0C008B1BCA /* model */,
				E2B883932A409D88008B1BCA /* viewModel */,
				E2B883922A409D83008B1BCA /* view */,
				E2B883702A409026008B1BCA /* Info.plist */,
				E2B883682A409023008B1BCA /* AirportMarker.xcdatamodeld */,
			);
			path = AirportMarker;
			sourceTree = "<group>";
		};
		E2B883782A409027008B1BCA /* AirportMarkerTests */ = {
			isa = PBXGroup;
			children = (
				E2B883792A409027008B1BCA /* AirportMarkerTests.swift */,
			);
			path = AirportMarkerTests;
			sourceTree = "<group>";
		};
		E2B883822A409027008B1BCA /* AirportMarkerUITests */ = {
			isa = PBXGroup;
			children = (
				E2B883832A409027008B1BCA /* AirportMarkerUITests.swift */,
				E2B883852A409027008B1BCA /* AirportMarkerUITestsLaunchTests.swift */,
			);
			path = AirportMarkerUITests;
			sourceTree = "<group>";
		};
		E2B883922A409D83008B1BCA /* view */ = {
			isa = PBXGroup;
			children = (
				E2B883962A409DD8008B1BCA /* viewController */,
				E2B883652A409023008B1BCA /* Main.storyboard */,
				E2B8836D2A409026008B1BCA /* LaunchScreen.storyboard */,
			);
			path = view;
			sourceTree = "<group>";
		};
		E2B883932A409D88008B1BCA /* viewModel */ = {
			isa = PBXGroup;
			children = (
				E2296E962A48AB2700AB02E9 /* SearchCityViewModel.swift */,
			);
			path = viewModel;
			sourceTree = "<group>";
		};
		E2B883942A409D90008B1BCA /* services */ = {
			isa = PBXGroup;
			children = (
				E2B883972A409DF0008B1BCA /* networking */,
			);
			path = services;
			sourceTree = "<group>";
		};
		E2B883952A409DA1008B1BCA /* util */ = {
			isa = PBXGroup;
			children = (
				E2B8835F2A409023008B1BCA /* AppDelegate.swift */,
				E2B883612A409023008B1BCA /* SceneDelegate.swift */,
				E2B8836B2A409026008B1BCA /* Assets.xcassets */,
			);
			path = util;
			sourceTree = "<group>";
		};
		E2B883962A409DD8008B1BCA /* viewController */ = {
			isa = PBXGroup;
			children = (
				E2B883632A409023008B1BCA /* SearchCityViewController.swift */,
			);
			path = viewController;
			sourceTree = "<group>";
		};
		E2B883972A409DF0008B1BCA /* networking */ = {
			isa = PBXGroup;
			children = (
				E24418402A4B473200731741 /* HttpRouter.swift */,
			);
			path = networking;
			sourceTree = "<group>";
		};
		E2B883982A409E0C008B1BCA /* model */ = {
			isa = PBXGroup;
			children = (
			);
			path = model;
			sourceTree = "<group>";
		};
		E2B883992A409E34008B1BCA /* protocol */ = {
			isa = PBXGroup;
			children = (
				E2296EA02A48F4A200AB02E9 /* Storyboardable.swift */,
				E2296E942A48AA1900AB02E9 /* SearchCityViewPresentable.swift */,
				E2296E9B2A48EDA900AB02E9 /* Coordinator.swift */,
			);
			path = protocol;
			sourceTree = "<group>";
		};
/* End PBXGroup section */

/* Begin PBXNativeTarget section */
		E2B8835B2A409023008B1BCA /* AirportMarker */ = {
			isa = PBXNativeTarget;
			buildConfigurationList = E2B883892A409027008B1BCA /* Build configuration list for PBXNativeTarget "AirportMarker" */;
			buildPhases = (
				94C9CD33D3FF7DC3B37493A0 /* [CP] Check Pods Manifest.lock */,
				E2B883582A409023008B1BCA /* Sources */,
				E2B883592A409023008B1BCA /* Frameworks */,
				E2B8835A2A409023008B1BCA /* Resources */,
				C5F5597C500A1CE45E663D23 /* [CP] Embed Pods Frameworks */,
			);
			buildRules = (
			);
			dependencies = (
			);
			name = AirportMarker;
			productName = AirportMarker;
			productReference = E2B8835C2A409023008B1BCA /* AirportMarker.app */;
			productType = "com.apple.product-type.application";
		};
		E2B883742A409027008B1BCA /* AirportMarkerTests */ = {
			isa = PBXNativeTarget;
			buildConfigurationList = E2B8838C2A409027008B1BCA /* Build configuration list for PBXNativeTarget "AirportMarkerTests" */;
			buildPhases = (
				F5A6BE7F233FF96BEAFBDED6 /* [CP] Check Pods Manifest.lock */,
				E2B883712A409027008B1BCA /* Sources */,
				E2B883722A409027008B1BCA /* Frameworks */,
				E2B883732A409027008B1BCA /* Resources */,
			);
			buildRules = (
			);
			dependencies = (
				E2B883772A409027008B1BCA /* PBXTargetDependency */,
			);
			name = AirportMarkerTests;
			productName = AirportMarkerTests;
			productReference = E2B883752A409027008B1BCA /* AirportMarkerTests.xctest */;
			productType = "com.apple.product-type.bundle.unit-test";
		};
		E2B8837E2A409027008B1BCA /* AirportMarkerUITests */ = {
			isa = PBXNativeTarget;
			buildConfigurationList = E2B8838F2A409027008B1BCA /* Build configuration list for PBXNativeTarget "AirportMarkerUITests" */;
			buildPhases = (
				FCE57311A5C8D57F939CA3C8 /* [CP] Check Pods Manifest.lock */,
				E2B8837B2A409027008B1BCA /* Sources */,
				E2B8837C2A409027008B1BCA /* Frameworks */,
				E2B8837D2A409027008B1BCA /* Resources */,
				BDEF942A571A57F0EDD6A1E3 /* [CP] Embed Pods Frameworks */,
			);
			buildRules = (
			);
			dependencies = (
				E2B883812A409027008B1BCA /* PBXTargetDependency */,
			);
			name = AirportMarkerUITests;
			productName = AirportMarkerUITests;
			productReference = E2B8837F2A409027008B1BCA /* AirportMarkerUITests.xctest */;
			productType = "com.apple.product-type.bundle.ui-testing";
		};
/* End PBXNativeTarget section */

/* Begin PBXProject section */
		E2B883542A409022008B1BCA /* Project object */ = {
			isa = PBXProject;
			attributes = {
				BuildIndependentTargetsInParallel = 1;
				LastSwiftUpdateCheck = 1420;
				LastUpgradeCheck = 1420;
				TargetAttributes = {
					E2B8835B2A409023008B1BCA = {
						CreatedOnToolsVersion = 14.2;
					};
					E2B883742A409027008B1BCA = {
						CreatedOnToolsVersion = 14.2;
						TestTargetID = E2B8835B2A409023008B1BCA;
					};
					E2B8837E2A409027008B1BCA = {
						CreatedOnToolsVersion = 14.2;
						TestTargetID = E2B8835B2A409023008B1BCA;
					};
				};
			};
			buildConfigurationList = E2B883572A409022008B1BCA /* Build configuration list for PBXProject "AirportMarker" */;
			compatibilityVersion = "Xcode 14.0";
			developmentRegion = en;
			hasScannedForEncodings = 0;
			knownRegions = (
				en,
				Base,
			);
			mainGroup = E2B883532A409022008B1BCA;
			productRefGroup = E2B8835D2A409023008B1BCA /* Products */;
			projectDirPath = "";
			projectRoot = "";
			targets = (
				E2B8835B2A409023008B1BCA /* AirportMarker */,
				E2B883742A409027008B1BCA /* AirportMarkerTests */,
				E2B8837E2A409027008B1BCA /* AirportMarkerUITests */,
			);
		};
/* End PBXProject section */

/* Begin PBXResourcesBuildPhase section */
		E2B8835A2A409023008B1BCA /* Resources */ = {
			isa = PBXResourcesBuildPhase;
			buildActionMask = 2147483647;
			files = (
				E2B8836F2A409026008B1BCA /* LaunchScreen.storyboard in Resources */,
				E2B8836C2A409026008B1BCA /* Assets.xcassets in Resources */,
				E2B883672A409023008B1BCA /* Main.storyboard in Resources */,
			);
			runOnlyForDeploymentPostprocessing = 0;
		};
		E2B883732A409027008B1BCA /* Resources */ = {
			isa = PBXResourcesBuildPhase;
			buildActionMask = 2147483647;
			files = (
			);
			runOnlyForDeploymentPostprocessing = 0;
		};
		E2B8837D2A409027008B1BCA /* Resources */ = {
			isa = PBXResourcesBuildPhase;
			buildActionMask = 2147483647;
			files = (
			);
			runOnlyForDeploymentPostprocessing = 0;
		};
/* End PBXResourcesBuildPhase section */

/* Begin PBXShellScriptBuildPhase section */
		94C9CD33D3FF7DC3B37493A0 /* [CP] Check Pods Manifest.lock */ = {
			isa = PBXShellScriptBuildPhase;
			buildActionMask = 2147483647;
			files = (
			);
			inputFileListPaths = (
			);
			inputPaths = (
				"${PODS_PODFILE_DIR_PATH}/Podfile.lock",
				"${PODS_ROOT}/Manifest.lock",
			);
			name = "[CP] Check Pods Manifest.lock";
			outputFileListPaths = (
			);
			outputPaths = (
				"$(DERIVED_FILE_DIR)/Pods-AirportMarker-checkManifestLockResult.txt",
			);
			runOnlyForDeploymentPostprocessing = 0;
			shellPath = /bin/sh;
			shellScript = "diff \"${PODS_PODFILE_DIR_PATH}/Podfile.lock\" \"${PODS_ROOT}/Manifest.lock\" > /dev/null\nif [ $? != 0 ] ; then\n    # print error to STDERR\n    echo \"error: The sandbox is not in sync with the Podfile.lock. Run 'pod install' or update your CocoaPods installation.\" >&2\n    exit 1\nfi\n# This output is used by Xcode 'outputs' to avoid re-running this script phase.\necho \"SUCCESS\" > \"${SCRIPT_OUTPUT_FILE_0}\"\n";
			showEnvVarsInLog = 0;
		};
		BDEF942A571A57F0EDD6A1E3 /* [CP] Embed Pods Frameworks */ = {
			isa = PBXShellScriptBuildPhase;
			buildActionMask = 2147483647;
			files = (
			);
			inputFileListPaths = (
				"${PODS_ROOT}/Target Support Files/Pods-AirportMarker-AirportMarkerUITests/Pods-AirportMarker-AirportMarkerUITests-frameworks-${CONFIGURATION}-input-files.xcfilelist",
			);
			name = "[CP] Embed Pods Frameworks";
			outputFileListPaths = (
				"${PODS_ROOT}/Target Support Files/Pods-AirportMarker-AirportMarkerUITests/Pods-AirportMarker-AirportMarkerUITests-frameworks-${CONFIGURATION}-output-files.xcfilelist",
			);
			runOnlyForDeploymentPostprocessing = 0;
			shellPath = /bin/sh;
			shellScript = "\"${PODS_ROOT}/Target Support Files/Pods-AirportMarker-AirportMarkerUITests/Pods-AirportMarker-AirportMarkerUITests-frameworks.sh\"\n";
			showEnvVarsInLog = 0;
		};
		C5F5597C500A1CE45E663D23 /* [CP] Embed Pods Frameworks */ = {
			isa = PBXShellScriptBuildPhase;
			buildActionMask = 2147483647;
			files = (
			);
			inputFileListPaths = (
				"${PODS_ROOT}/Target Support Files/Pods-AirportMarker/Pods-AirportMarker-frameworks-${CONFIGURATION}-input-files.xcfilelist",
			);
			name = "[CP] Embed Pods Frameworks";
			outputFileListPaths = (
				"${PODS_ROOT}/Target Support Files/Pods-AirportMarker/Pods-AirportMarker-frameworks-${CONFIGURATION}-output-files.xcfilelist",
			);
			runOnlyForDeploymentPostprocessing = 0;
			shellPath = /bin/sh;
			shellScript = "\"${PODS_ROOT}/Target Support Files/Pods-AirportMarker/Pods-AirportMarker-frameworks.sh\"\n";
			showEnvVarsInLog = 0;
		};
		F5A6BE7F233FF96BEAFBDED6 /* [CP] Check Pods Manifest.lock */ = {
			isa = PBXShellScriptBuildPhase;
			buildActionMask = 2147483647;
			files = (
			);
			inputFileListPaths = (
			);
			inputPaths = (
				"${PODS_PODFILE_DIR_PATH}/Podfile.lock",
				"${PODS_ROOT}/Manifest.lock",
			);
			name = "[CP] Check Pods Manifest.lock";
			outputFileListPaths = (
			);
			outputPaths = (
				"$(DERIVED_FILE_DIR)/Pods-AirportMarkerTests-checkManifestLockResult.txt",
			);
			runOnlyForDeploymentPostprocessing = 0;
			shellPath = /bin/sh;
			shellScript = "diff \"${PODS_PODFILE_DIR_PATH}/Podfile.lock\" \"${PODS_ROOT}/Manifest.lock\" > /dev/null\nif [ $? != 0 ] ; then\n    # print error to STDERR\n    echo \"error: The sandbox is not in sync with the Podfile.lock. Run 'pod install' or update your CocoaPods installation.\" >&2\n    exit 1\nfi\n# This output is used by Xcode 'outputs' to avoid re-running this script phase.\necho \"SUCCESS\" > \"${SCRIPT_OUTPUT_FILE_0}\"\n";
			showEnvVarsInLog = 0;
		};
		FCE57311A5C8D57F939CA3C8 /* [CP] Check Pods Manifest.lock */ = {
			isa = PBXShellScriptBuildPhase;
			buildActionMask = 2147483647;
			files = (
			);
			inputFileListPaths = (
			);
			inputPaths = (
				"${PODS_PODFILE_DIR_PATH}/Podfile.lock",
				"${PODS_ROOT}/Manifest.lock",
			);
			name = "[CP] Check Pods Manifest.lock";
			outputFileListPaths = (
			);
			outputPaths = (
				"$(DERIVED_FILE_DIR)/Pods-AirportMarker-AirportMarkerUITests-checkManifestLockResult.txt",
			);
			runOnlyForDeploymentPostprocessing = 0;
			shellPath = /bin/sh;
			shellScript = "diff \"${PODS_PODFILE_DIR_PATH}/Podfile.lock\" \"${PODS_ROOT}/Manifest.lock\" > /dev/null\nif [ $? != 0 ] ; then\n    # print error to STDERR\n    echo \"error: The sandbox is not in sync with the Podfile.lock. Run 'pod install' or update your CocoaPods installation.\" >&2\n    exit 1\nfi\n# This output is used by Xcode 'outputs' to avoid re-running this script phase.\necho \"SUCCESS\" > \"${SCRIPT_OUTPUT_FILE_0}\"\n";
			showEnvVarsInLog = 0;
		};
/* End PBXShellScriptBuildPhase section */

/* Begin PBXSourcesBuildPhase section */
		E2B883582A409023008B1BCA /* Sources */ = {
			isa = PBXSourcesBuildPhase;
			buildActionMask = 2147483647;
			files = (
				E2296EA32A48FEEE00AB02E9 /* AppCoordinator.swift in Sources */,
				E2296E9C2A48EDA900AB02E9 /* Coordinator.swift in Sources */,
				E2296E9E2A48F0E500AB02E9 /* BaseCoordinator.swift in Sources */,
				E2296E9A2A48ED9D00AB02E9 /* SearchCityCoordinator.swift in Sources */,
				E2B883642A409023008B1BCA /* SearchCityViewController.swift in Sources */,
				E2296E972A48AB2700AB02E9 /* SearchCityViewModel.swift in Sources */,
				E2B8836A2A409023008B1BCA /* AirportMarker.xcdatamodeld in Sources */,
				E2B883602A409023008B1BCA /* AppDelegate.swift in Sources */,
				E24418412A4B473200731741 /* HttpRouter.swift in Sources */,
				E2B883622A409023008B1BCA /* SceneDelegate.swift in Sources */,
				E2296EA12A48F4A200AB02E9 /* Storyboardable.swift in Sources */,
				E2296E952A48AA1900AB02E9 /* SearchCityViewPresentable.swift in Sources */,
			);
			runOnlyForDeploymentPostprocessing = 0;
		};
		E2B883712A409027008B1BCA /* Sources */ = {
			isa = PBXSourcesBuildPhase;
			buildActionMask = 2147483647;
			files = (
				E2B8837A2A409027008B1BCA /* AirportMarkerTests.swift in Sources */,
			);
			runOnlyForDeploymentPostprocessing = 0;
		};
		E2B8837B2A409027008B1BCA /* Sources */ = {
			isa = PBXSourcesBuildPhase;
			buildActionMask = 2147483647;
			files = (
				E2B883862A409027008B1BCA /* AirportMarkerUITestsLaunchTests.swift in Sources */,
				E2B883842A409027008B1BCA /* AirportMarkerUITests.swift in Sources */,
			);
			runOnlyForDeploymentPostprocessing = 0;
		};
/* End PBXSourcesBuildPhase section */

/* Begin PBXTargetDependency section */
		E2B883772A409027008B1BCA /* PBXTargetDependency */ = {
			isa = PBXTargetDependency;
			target = E2B8835B2A409023008B1BCA /* AirportMarker */;
			targetProxy = E2B883762A409027008B1BCA /* PBXContainerItemProxy */;
		};
		E2B883812A409027008B1BCA /* PBXTargetDependency */ = {
			isa = PBXTargetDependency;
			target = E2B8835B2A409023008B1BCA /* AirportMarker */;
			targetProxy = E2B883802A409027008B1BCA /* PBXContainerItemProxy */;
		};
/* End PBXTargetDependency section */

/* Begin PBXVariantGroup section */
		E2B883652A409023008B1BCA /* Main.storyboard */ = {
			isa = PBXVariantGroup;
			children = (
				E2B883662A409023008B1BCA /* Base */,
			);
			name = Main.storyboard;
			sourceTree = "<group>";
		};
		E2B8836D2A409026008B1BCA /* LaunchScreen.storyboard */ = {
			isa = PBXVariantGroup;
			children = (
				E2B8836E2A409026008B1BCA /* Base */,
			);
			name = LaunchScreen.storyboard;
			sourceTree = "<group>";
		};
/* End PBXVariantGroup section */

/* Begin XCBuildConfiguration section */
		E2B883872A409027008B1BCA /* Debug */ = {
			isa = XCBuildConfiguration;
			buildSettings = {
				ALWAYS_SEARCH_USER_PATHS = NO;
				CLANG_ANALYZER_NONNULL = YES;
				CLANG_ANALYZER_NUMBER_OBJECT_CONVERSION = YES_AGGRESSIVE;
				CLANG_CXX_LANGUAGE_STANDARD = "gnu++20";
				CLANG_ENABLE_MODULES = YES;
				CLANG_ENABLE_OBJC_ARC = YES;
				CLANG_ENABLE_OBJC_WEAK = YES;
				CLANG_WARN_BLOCK_CAPTURE_AUTORELEASING = YES;
				CLANG_WARN_BOOL_CONVERSION = YES;
				CLANG_WARN_COMMA = YES;
				CLANG_WARN_CONSTANT_CONVERSION = YES;
				CLANG_WARN_DEPRECATED_OBJC_IMPLEMENTATIONS = YES;
				CLANG_WARN_DIRECT_OBJC_ISA_USAGE = YES_ERROR;
				CLANG_WARN_DOCUMENTATION_COMMENTS = YES;
				CLANG_WARN_EMPTY_BODY = YES;
				CLANG_WARN_ENUM_CONVERSION = YES;
				CLANG_WARN_INFINITE_RECURSION = YES;
				CLANG_WARN_INT_CONVERSION = YES;
				CLANG_WARN_NON_LITERAL_NULL_CONVERSION = YES;
				CLANG_WARN_OBJC_IMPLICIT_RETAIN_SELF = YES;
				CLANG_WARN_OBJC_LITERAL_CONVERSION = YES;
				CLANG_WARN_OBJC_ROOT_CLASS = YES_ERROR;
				CLANG_WARN_QUOTED_INCLUDE_IN_FRAMEWORK_HEADER = YES;
				CLANG_WARN_RANGE_LOOP_ANALYSIS = YES;
				CLANG_WARN_STRICT_PROTOTYPES = YES;
				CLANG_WARN_SUSPICIOUS_MOVE = YES;
				CLANG_WARN_UNGUARDED_AVAILABILITY = YES_AGGRESSIVE;
				CLANG_WARN_UNREACHABLE_CODE = YES;
				CLANG_WARN__DUPLICATE_METHOD_MATCH = YES;
				COPY_PHASE_STRIP = NO;
				DEBUG_INFORMATION_FORMAT = dwarf;
				ENABLE_STRICT_OBJC_MSGSEND = YES;
				ENABLE_TESTABILITY = YES;
				GCC_C_LANGUAGE_STANDARD = gnu11;
				GCC_DYNAMIC_NO_PIC = NO;
				GCC_NO_COMMON_BLOCKS = YES;
				GCC_OPTIMIZATION_LEVEL = 0;
				GCC_PREPROCESSOR_DEFINITIONS = (
					"DEBUG=1",
					"$(inherited)",
				);
				GCC_WARN_64_TO_32_BIT_CONVERSION = YES;
				GCC_WARN_ABOUT_RETURN_TYPE = YES_ERROR;
				GCC_WARN_UNDECLARED_SELECTOR = YES;
				GCC_WARN_UNINITIALIZED_AUTOS = YES_AGGRESSIVE;
				GCC_WARN_UNUSED_FUNCTION = YES;
				GCC_WARN_UNUSED_VARIABLE = YES;
				IPHONEOS_DEPLOYMENT_TARGET = 16.2;
				MTL_ENABLE_DEBUG_INFO = INCLUDE_SOURCE;
				MTL_FAST_MATH = YES;
				ONLY_ACTIVE_ARCH = YES;
				SDKROOT = iphoneos;
				SWIFT_ACTIVE_COMPILATION_CONDITIONS = DEBUG;
				SWIFT_OPTIMIZATION_LEVEL = "-Onone";
			};
			name = Debug;
		};
		E2B883882A409027008B1BCA /* Release */ = {
			isa = XCBuildConfiguration;
			buildSettings = {
				ALWAYS_SEARCH_USER_PATHS = NO;
				CLANG_ANALYZER_NONNULL = YES;
				CLANG_ANALYZER_NUMBER_OBJECT_CONVERSION = YES_AGGRESSIVE;
				CLANG_CXX_LANGUAGE_STANDARD = "gnu++20";
				CLANG_ENABLE_MODULES = YES;
				CLANG_ENABLE_OBJC_ARC = YES;
				CLANG_ENABLE_OBJC_WEAK = YES;
				CLANG_WARN_BLOCK_CAPTURE_AUTORELEASING = YES;
				CLANG_WARN_BOOL_CONVERSION = YES;
				CLANG_WARN_COMMA = YES;
				CLANG_WARN_CONSTANT_CONVERSION = YES;
				CLANG_WARN_DEPRECATED_OBJC_IMPLEMENTATIONS = YES;
				CLANG_WARN_DIRECT_OBJC_ISA_USAGE = YES_ERROR;
				CLANG_WARN_DOCUMENTATION_COMMENTS = YES;
				CLANG_WARN_EMPTY_BODY = YES;
				CLANG_WARN_ENUM_CONVERSION = YES;
				CLANG_WARN_INFINITE_RECURSION = YES;
				CLANG_WARN_INT_CONVERSION = YES;
				CLANG_WARN_NON_LITERAL_NULL_CONVERSION = YES;
				CLANG_WARN_OBJC_IMPLICIT_RETAIN_SELF = YES;
				CLANG_WARN_OBJC_LITERAL_CONVERSION = YES;
				CLANG_WARN_OBJC_ROOT_CLASS = YES_ERROR;
				CLANG_WARN_QUOTED_INCLUDE_IN_FRAMEWORK_HEADER = YES;
				CLANG_WARN_RANGE_LOOP_ANALYSIS = YES;
				CLANG_WARN_STRICT_PROTOTYPES = YES;
				CLANG_WARN_SUSPICIOUS_MOVE = YES;
				CLANG_WARN_UNGUARDED_AVAILABILITY = YES_AGGRESSIVE;
				CLANG_WARN_UNREACHABLE_CODE = YES;
				CLANG_WARN__DUPLICATE_METHOD_MATCH = YES;
				COPY_PHASE_STRIP = NO;
				DEBUG_INFORMATION_FORMAT = "dwarf-with-dsym";
				ENABLE_NS_ASSERTIONS = NO;
				ENABLE_STRICT_OBJC_MSGSEND = YES;
				GCC_C_LANGUAGE_STANDARD = gnu11;
				GCC_NO_COMMON_BLOCKS = YES;
				GCC_WARN_64_TO_32_BIT_CONVERSION = YES;
				GCC_WARN_ABOUT_RETURN_TYPE = YES_ERROR;
				GCC_WARN_UNDECLARED_SELECTOR = YES;
				GCC_WARN_UNINITIALIZED_AUTOS = YES_AGGRESSIVE;
				GCC_WARN_UNUSED_FUNCTION = YES;
				GCC_WARN_UNUSED_VARIABLE = YES;
				IPHONEOS_DEPLOYMENT_TARGET = 16.2;
				MTL_ENABLE_DEBUG_INFO = NO;
				MTL_FAST_MATH = YES;
				SDKROOT = iphoneos;
				SWIFT_COMPILATION_MODE = wholemodule;
				SWIFT_OPTIMIZATION_LEVEL = "-O";
				VALIDATE_PRODUCT = YES;
			};
			name = Release;
		};
		E2B8838A2A409027008B1BCA /* Debug */ = {
			isa = XCBuildConfiguration;
			baseConfigurationReference = C893AB364918CC0A0D64F575 /* Pods-AirportMarker.debug.xcconfig */;
			buildSettings = {
				ASSETCATALOG_COMPILER_APPICON_NAME = AppIcon;
				ASSETCATALOG_COMPILER_GLOBAL_ACCENT_COLOR_NAME = AccentColor;
				CODE_SIGN_STYLE = Automatic;
				CURRENT_PROJECT_VERSION = 1;
				DEVELOPMENT_TEAM = FW278M9LJ4;
				GENERATE_INFOPLIST_FILE = YES;
				INFOPLIST_FILE = AirportMarker/Info.plist;
				INFOPLIST_KEY_UIApplicationSupportsIndirectInputEvents = YES;
				INFOPLIST_KEY_UILaunchStoryboardName = LaunchScreen;
				INFOPLIST_KEY_UIMainStoryboardFile = Main;
				INFOPLIST_KEY_UISupportedInterfaceOrientations_iPad = "UIInterfaceOrientationPortrait UIInterfaceOrientationPortraitUpsideDown UIInterfaceOrientationLandscapeLeft UIInterfaceOrientationLandscapeRight";
				INFOPLIST_KEY_UISupportedInterfaceOrientations_iPhone = "UIInterfaceOrientationPortrait UIInterfaceOrientationLandscapeLeft UIInterfaceOrientationLandscapeRight";
				LD_RUNPATH_SEARCH_PATHS = (
					"$(inherited)",
					"@executable_path/Frameworks",
				);
				MARKETING_VERSION = 1.0;
				PRODUCT_BUNDLE_IDENTIFIER = ITI.AirportMarker;
				PRODUCT_NAME = "$(TARGET_NAME)";
				SWIFT_EMIT_LOC_STRINGS = YES;
				SWIFT_VERSION = 5.0;
				TARGETED_DEVICE_FAMILY = "1,2";
			};
			name = Debug;
		};
		E2B8838B2A409027008B1BCA /* Release */ = {
			isa = XCBuildConfiguration;
			baseConfigurationReference = D292051A68DAA44C0CEB0A52 /* Pods-AirportMarker.release.xcconfig */;
			buildSettings = {
				ASSETCATALOG_COMPILER_APPICON_NAME = AppIcon;
				ASSETCATALOG_COMPILER_GLOBAL_ACCENT_COLOR_NAME = AccentColor;
				CODE_SIGN_STYLE = Automatic;
				CURRENT_PROJECT_VERSION = 1;
				DEVELOPMENT_TEAM = FW278M9LJ4;
				GENERATE_INFOPLIST_FILE = YES;
				INFOPLIST_FILE = AirportMarker/Info.plist;
				INFOPLIST_KEY_UIApplicationSupportsIndirectInputEvents = YES;
				INFOPLIST_KEY_UILaunchStoryboardName = LaunchScreen;
				INFOPLIST_KEY_UIMainStoryboardFile = Main;
				INFOPLIST_KEY_UISupportedInterfaceOrientations_iPad = "UIInterfaceOrientationPortrait UIInterfaceOrientationPortraitUpsideDown UIInterfaceOrientationLandscapeLeft UIInterfaceOrientationLandscapeRight";
				INFOPLIST_KEY_UISupportedInterfaceOrientations_iPhone = "UIInterfaceOrientationPortrait UIInterfaceOrientationLandscapeLeft UIInterfaceOrientationLandscapeRight";
				LD_RUNPATH_SEARCH_PATHS = (
					"$(inherited)",
					"@executable_path/Frameworks",
				);
				MARKETING_VERSION = 1.0;
				PRODUCT_BUNDLE_IDENTIFIER = ITI.AirportMarker;
				PRODUCT_NAME = "$(TARGET_NAME)";
				SWIFT_EMIT_LOC_STRINGS = YES;
				SWIFT_VERSION = 5.0;
				TARGETED_DEVICE_FAMILY = "1,2";
			};
			name = Release;
		};
		E2B8838D2A409027008B1BCA /* Debug */ = {
			isa = XCBuildConfiguration;
			baseConfigurationReference = 07F9EEDAA1480B39BEBB37F0 /* Pods-AirportMarkerTests.debug.xcconfig */;
			buildSettings = {
				ALWAYS_EMBED_SWIFT_STANDARD_LIBRARIES = YES;
				BUNDLE_LOADER = "$(TEST_HOST)";
				CODE_SIGN_STYLE = Automatic;
				CURRENT_PROJECT_VERSION = 1;
				DEVELOPMENT_TEAM = FW278M9LJ4;
				GENERATE_INFOPLIST_FILE = YES;
				IPHONEOS_DEPLOYMENT_TARGET = 16.2;
				MARKETING_VERSION = 1.0;
				PRODUCT_BUNDLE_IDENTIFIER = ITI.AirportMarkerTests;
				PRODUCT_NAME = "$(TARGET_NAME)";
				SWIFT_EMIT_LOC_STRINGS = NO;
				SWIFT_VERSION = 5.0;
				TARGETED_DEVICE_FAMILY = "1,2";
				TEST_HOST = "$(BUILT_PRODUCTS_DIR)/AirportMarker.app/$(BUNDLE_EXECUTABLE_FOLDER_PATH)/AirportMarker";
			};
			name = Debug;
		};
		E2B8838E2A409027008B1BCA /* Release */ = {
			isa = XCBuildConfiguration;
			baseConfigurationReference = 551CA7F315247B84DE48AA32 /* Pods-AirportMarkerTests.release.xcconfig */;
			buildSettings = {
				ALWAYS_EMBED_SWIFT_STANDARD_LIBRARIES = YES;
				BUNDLE_LOADER = "$(TEST_HOST)";
				CODE_SIGN_STYLE = Automatic;
				CURRENT_PROJECT_VERSION = 1;
				DEVELOPMENT_TEAM = FW278M9LJ4;
				GENERATE_INFOPLIST_FILE = YES;
				IPHONEOS_DEPLOYMENT_TARGET = 16.2;
				MARKETING_VERSION = 1.0;
				PRODUCT_BUNDLE_IDENTIFIER = ITI.AirportMarkerTests;
				PRODUCT_NAME = "$(TARGET_NAME)";
				SWIFT_EMIT_LOC_STRINGS = NO;
				SWIFT_VERSION = 5.0;
				TARGETED_DEVICE_FAMILY = "1,2";
				TEST_HOST = "$(BUILT_PRODUCTS_DIR)/AirportMarker.app/$(BUNDLE_EXECUTABLE_FOLDER_PATH)/AirportMarker";
			};
			name = Release;
		};
		E2B883902A409027008B1BCA /* Debug */ = {
			isa = XCBuildConfiguration;
			baseConfigurationReference = 5474CA688BB6067C3255D3D4 /* Pods-AirportMarker-AirportMarkerUITests.debug.xcconfig */;
			buildSettings = {
				ALWAYS_EMBED_SWIFT_STANDARD_LIBRARIES = YES;
				CODE_SIGN_STYLE = Automatic;
				CURRENT_PROJECT_VERSION = 1;
				DEVELOPMENT_TEAM = FW278M9LJ4;
				GENERATE_INFOPLIST_FILE = YES;
				MARKETING_VERSION = 1.0;
				PRODUCT_BUNDLE_IDENTIFIER = ITI.AirportMarkerUITests;
				PRODUCT_NAME = "$(TARGET_NAME)";
				SWIFT_EMIT_LOC_STRINGS = NO;
				SWIFT_VERSION = 5.0;
				TARGETED_DEVICE_FAMILY = "1,2";
				TEST_TARGET_NAME = AirportMarker;
			};
			name = Debug;
		};
		E2B883912A409027008B1BCA /* Release */ = {
			isa = XCBuildConfiguration;
			baseConfigurationReference = 8CC708A9802F04286E3F697C /* Pods-AirportMarker-AirportMarkerUITests.release.xcconfig */;
			buildSettings = {
				ALWAYS_EMBED_SWIFT_STANDARD_LIBRARIES = YES;
				CODE_SIGN_STYLE = Automatic;
				CURRENT_PROJECT_VERSION = 1;
				DEVELOPMENT_TEAM = FW278M9LJ4;
				GENERATE_INFOPLIST_FILE = YES;
				MARKETING_VERSION = 1.0;
				PRODUCT_BUNDLE_IDENTIFIER = ITI.AirportMarkerUITests;
				PRODUCT_NAME = "$(TARGET_NAME)";
				SWIFT_EMIT_LOC_STRINGS = NO;
				SWIFT_VERSION = 5.0;
				TARGETED_DEVICE_FAMILY = "1,2";
				TEST_TARGET_NAME = AirportMarker;
			};
			name = Release;
		};
/* End XCBuildConfiguration section */

/* Begin XCConfigurationList section */
		E2B883572A409022008B1BCA /* Build configuration list for PBXProject "AirportMarker" */ = {
			isa = XCConfigurationList;
			buildConfigurations = (
				E2B883872A409027008B1BCA /* Debug */,
				E2B883882A409027008B1BCA /* Release */,
			);
			defaultConfigurationIsVisible = 0;
			defaultConfigurationName = Release;
		};
		E2B883892A409027008B1BCA /* Build configuration list for PBXNativeTarget "AirportMarker" */ = {
			isa = XCConfigurationList;
			buildConfigurations = (
				E2B8838A2A409027008B1BCA /* Debug */,
				E2B8838B2A409027008B1BCA /* Release */,
			);
			defaultConfigurationIsVisible = 0;
			defaultConfigurationName = Release;
		};
		E2B8838C2A409027008B1BCA /* Build configuration list for PBXNativeTarget "AirportMarkerTests" */ = {
			isa = XCConfigurationList;
			buildConfigurations = (
				E2B8838D2A409027008B1BCA /* Debug */,
				E2B8838E2A409027008B1BCA /* Release */,
			);
			defaultConfigurationIsVisible = 0;
			defaultConfigurationName = Release;
		};
		E2B8838F2A409027008B1BCA /* Build configuration list for PBXNativeTarget "AirportMarkerUITests" */ = {
			isa = XCConfigurationList;
			buildConfigurations = (
				E2B883902A409027008B1BCA /* Debug */,
				E2B883912A409027008B1BCA /* Release */,
			);
			defaultConfigurationIsVisible = 0;
			defaultConfigurationName = Release;
		};
/* End XCConfigurationList section */

/* Begin XCVersionGroup section */
		E2B883682A409023008B1BCA /* AirportMarker.xcdatamodeld */ = {
			isa = XCVersionGroup;
			children = (
				E2B883692A409023008B1BCA /* AirportMarker.xcdatamodel */,
			);
			currentVersion = E2B883692A409023008B1BCA /* AirportMarker.xcdatamodel */;
			path = AirportMarker.xcdatamodeld;
			sourceTree = "<group>";
			versionGroupType = wrapper.xcdatamodel;
		};
/* End XCVersionGroup section */
	};
	rootObject = E2B883542A409022008B1BCA /* Project object */;
}
